
Microsoft Visual Studio Solution File, Format Version 12.00
# Visual Studio Version 17
VisualStudioVersion = 17.13.35605.110 d17.13
MinimumVisualStudioVersion = 10.0.40219.1
Project("{FAE04EC0-301F-11D3-BF4B-00C04F79EFBC}") = "Transaction3", "Transaction3.csproj", "{278EC3CA-1B9F-49B9-AF03-3EB1AD799288}"
EndProject
Global
	GlobalSection(SolutionConfigurationPlatforms) = preSolution
		Debug|Any CPU = Debug|Any CPU
		Release|Any CPU = Release|Any CPU
	EndGlobalSection
	GlobalSection(ProjectConfigurationPlatforms) = postSolution
		{278EC3CA-1B9F-49B9-AF03-3EB1AD799288}.Debug|Any CPU.ActiveCfg = Debug|Any CPU
		{278EC3CA-1B9F-49B9-AF03-3EB1AD799288}.Debug|Any CPU.Build.0 = Debug|Any CPU
		{278EC3CA-1B9F-49B9-AF03-3EB1AD799288}.Release|Any CPU.ActiveCfg = Release|Any CPU
		{278EC3CA-1B9F-49B9-AF03-3EB1AD799288}.Release|Any CPU.Build.0 = Release|Any CPU
	EndGlobalSection
	GlobalSection(SolutionProperties) = preSolution
		HideSolutionNode = FALSE
	EndGlobalSection
	GlobalSection(ExtensibilityGlobals) = postSolution
		SolutionGuid = {C7DC0BBB-F66F-4A66-8A73-86301C6DC757}
	EndGlobalSection
EndGlobal
